<?xml version="1.0" encoding="utf-8"?>
<Project ToolsVersion="4.0" xmlns="http://schemas.microsoft.com/developer/msbuild/2003">
  <ItemGroup>
    <ClInclude Include="Bind.h">
      <Filter>Header Files\Template</Filter>
    </ClInclude>
    <ClInclude Include="ClassPath.h">
      <Filter>Header Files\Template</Filter>
    </ClInclude>
    <ClInclude Include="Enum.h">
      <Filter>Header Files\Template</Filter>
    </ClInclude>
    <ClInclude Include="Function.h">
      <Filter>Header Files\Template</Filter>
    </ClInclude>
    <ClInclude Include="FunctionTraits.h">
      <Filter>Header Files\Template</Filter>
    </ClInclude>
    <ClInclude Include="Generator.h">
      <Filter>Header Files\Template</Filter>
    </ClInclude>
    <ClInclude Include="Indices.h">
      <Filter>Header Files\Template</Filter>
    </ClInclude>
    <ClInclude Include="Invoke.h">
      <Filter>Header Files\Template</Filter>
    </ClInclude>
    <ClInclude Include="Iterate.h">
      <Filter>Header Files\Template</Filter>
    </ClInclude>
    <ClInclude Include="Math.h">
      <Filter>Header Files\Template</Filter>
    </ClInclude>
    <ClInclude Include="ParameterIndex.h">
      <Filter>Header Files\Template</Filter>
    </ClInclude>
    <ClInclude Include="ParameterPack.h">
      <Filter>Header Files\Template</Filter>
    </ClInclude>
    <ClInclude Include="RangeSize.h">
      <Filter>Header Files\Template</Filter>
    </ClInclude>
    <ClInclude Include="SelectableType.h">
      <Filter>Header Files\Template</Filter>
    </ClInclude>
    <ClInclude Include="StdFunction.h">
      <Filter>Header Files\Template</Filter>
    </ClInclude>
    <ClInclude Include="Switch.h">
      <Filter>Header Files\Template</Filter>
    </ClInclude>
    <ClInclude Include="VariadicTemplate.h">
      <Filter>Header Files\Template</Filter>
    </ClInclude>
    <ClInclude Include="StringUtility.h">
      <Filter>Header Files</Filter>
    </ClInclude>
    <ClInclude Include="Flags.h">
      <Filter>Header Files</Filter>
    </ClInclude>
    <ClInclude Include="Event.h">
      <Filter>Header Files\Event</Filter>
    </ClInclude>
    <ClInclude Include="EventConnection.h">
      <Filter>Header Files\Event</Filter>
    </ClInclude>
    <ClInclude Include="EventObject.h">
      <Filter>Header Files\Event</Filter>
    </ClInclude>
    <ClInclude Include="ScopedEventConnection.h">
      <Filter>Header Files\Event</Filter>
    </ClInclude>
    <ClInclude Include="Contract.h">
      <Filter>Header Files</Filter>
    </ClInclude>
    <ClInclude Include="IsBracesConstructible.h">
      <Filter>Header Files\Template</Filter>
    </ClInclude>
    <ClInclude Include="DiscoverType.h">
      <Filter>Header Files\Template</Filter>
    </ClInclude>
    <ClInclude Include="TypeIdentity.h">
      <Filter>Header Files\Template</Filter>
    </ClInclude>
    <ClInclude Include="VectorUtility.h">
      <Filter>Header Files</Filter>
    </ClInclude>
    <ClInclude Include="IsComplete.h">
      <Filter>Header Files\Template</Filter>
    </ClInclude>
    <ClInclude Include="Identity.h">
      <Filter>Header Files</Filter>
    </ClInclude>
    <ClInclude Include="MemberTraits.h">
      <Filter>Header Files\Template</Filter>
    </ClInclude>
    <ClInclude Include="VariadicNonTypeTemplate.h">
      <Filter>Header Files\Template</Filter>
    </ClInclude>
    <ClInclude Include="DiscoverNonType.h">
      <Filter>Header Files\Template</Filter>
    </ClInclude>
    <ClInclude Include="Transform.h">
      <Filter>Header Files\Template</Filter>
    </ClInclude>
  </ItemGroup>
  <ItemGroup>
    <Filter Include="Source Files">
      <UniqueIdentifier>{bd600885-236d-4fbf-8ff8-d830f9295b05}</UniqueIdentifier>
    </Filter>
    <Filter Include="Header Files">
      <UniqueIdentifier>{dab3069d-01c7-4e4c-89f4-4c4a7cfa0e07}</UniqueIdentifier>
    </Filter>
    <Filter Include="Header Files\Template">
      <UniqueIdentifier>{7fb20225-b921-47ae-bed0-7cece6201a61}</UniqueIdentifier>
    </Filter>
    <Filter Include="Header Files\Event">
      <UniqueIdentifier>{d16cd858-df86-4e40-abd5-9532106c77b3}</UniqueIdentifier>
    </Filter>
    <Filter Include="Source Files\Event">
      <UniqueIdentifier>{3bca6ab0-66b9-431a-98fd-035a5b781e5f}</UniqueIdentifier>
    </Filter>
  </ItemGroup>
  <ItemGroup>
    <ClCompile Include="StringUtility.cpp">
      <Filter>Source Files</Filter>
    </ClCompile>
    <ClCompile Include="ScopedEventConnection.cpp">
      <Filter>Source Files\Event</Filter>
    </ClCompile>
  </ItemGroup>
</Project>